
Microsoft Visual Studio Solution File, Format Version 11.00
# Visual Studio 2010
Project("{FAE04EC0-301F-11D3-BF4B-00C04F79EFBC}") = "Watchdog.Validation.Core", "Watchdog.Validation.Core\Watchdog.Validation.Core.csproj", "{4AADA44E-4608-46E7-8BA2-D804F244458B}"
EndProject
Project("{FAE04EC0-301F-11D3-BF4B-00C04F79EFBC}") = "Watchdog.Examples", "Watchdog.Examples\Watchdog.Examples.csproj", "{E9F8632C-C629-47A7-B7B3-16AA2DBA6DF5}"
EndProject
Project("{FAE04EC0-301F-11D3-BF4B-00C04F79EFBC}") = "StandardWpfValidation", "StandardWpfValidation\StandardWpfValidation.csproj", "{F363F572-E5CA-49A5-8A5C-9A46783A5BCD}"
EndProject
Global
	GlobalSection(SolutionConfigurationPlatforms) = preSolution
		Debug|Any CPU = Debug|Any CPU
		Debug|Mixed Platforms = Debug|Mixed Platforms
		Debug|x86 = Debug|x86
		Release|Any CPU = Release|Any CPU
		Release|Mixed Platforms = Release|Mixed Platforms
		Release|x86 = Release|x86
	EndGlobalSection
	GlobalSection(ProjectConfigurationPlatforms) = postSolution
		{4AADA44E-4608-46E7-8BA2-D804F244458B}.Debug|Any CPU.ActiveCfg = Debug|Any CPU
		{4AADA44E-4608-46E7-8BA2-D804F244458B}.Debug|Any CPU.Build.0 = Debug|Any CPU
		{4AADA44E-4608-46E7-8BA2-D804F244458B}.Debug|Mixed Platforms.ActiveCfg = Debug|Any CPU
		{4AADA44E-4608-46E7-8BA2-D804F244458B}.Debug|Mixed Platforms.Build.0 = Debug|Any CPU
		{4AADA44E-4608-46E7-8BA2-D804F244458B}.Debug|x86.ActiveCfg = Debug|Any CPU
		{4AADA44E-4608-46E7-8BA2-D804F244458B}.Release|Any CPU.ActiveCfg = Release|Any CPU
		{4AADA44E-4608-46E7-8BA2-D804F244458B}.Release|Any CPU.Build.0 = Release|Any CPU
		{4AADA44E-4608-46E7-8BA2-D804F244458B}.Release|Mixed Platforms.ActiveCfg = Release|Any CPU
		{4AADA44E-4608-46E7-8BA2-D804F244458B}.Release|Mixed Platforms.Build.0 = Release|Any CPU
		{4AADA44E-4608-46E7-8BA2-D804F244458B}.Release|x86.ActiveCfg = Release|Any CPU
		{E9F8632C-C629-47A7-B7B3-16AA2DBA6DF5}.Debug|Any CPU.ActiveCfg = Debug|x86
		{E9F8632C-C629-47A7-B7B3-16AA2DBA6DF5}.Debug|Mixed Platforms.ActiveCfg = Debug|x86
		{E9F8632C-C629-47A7-B7B3-16AA2DBA6DF5}.Debug|Mixed Platforms.Build.0 = Debug|x86
		{E9F8632C-C629-47A7-B7B3-16AA2DBA6DF5}.Debug|x86.ActiveCfg = Debug|x86
		{E9F8632C-C629-47A7-B7B3-16AA2DBA6DF5}.Debug|x86.Build.0 = Debug|x86
		{E9F8632C-C629-47A7-B7B3-16AA2DBA6DF5}.Release|Any CPU.ActiveCfg = Release|x86
		{E9F8632C-C629-47A7-B7B3-16AA2DBA6DF5}.Release|Mixed Platforms.ActiveCfg = Release|x86
		{E9F8632C-C629-47A7-B7B3-16AA2DBA6DF5}.Release|Mixed Platforms.Build.0 = Release|x86
		{E9F8632C-C629-47A7-B7B3-16AA2DBA6DF5}.Release|x86.ActiveCfg = Release|x86
		{E9F8632C-C629-47A7-B7B3-16AA2DBA6DF5}.Release|x86.Build.0 = Release|x86
		{F363F572-E5CA-49A5-8A5C-9A46783A5BCD}.Debug|Any CPU.ActiveCfg = Debug|x86
		{F363F572-E5CA-49A5-8A5C-9A46783A5BCD}.Debug|Mixed Platforms.ActiveCfg = Debug|x86
		{F363F572-E5CA-49A5-8A5C-9A46783A5BCD}.Debug|Mixed Platforms.Build.0 = Debug|x86
		{F363F572-E5CA-49A5-8A5C-9A46783A5BCD}.Debug|x86.ActiveCfg = Debug|x86
		{F363F572-E5CA-49A5-8A5C-9A46783A5BCD}.Debug|x86.Build.0 = Debug|x86
		{F363F572-E5CA-49A5-8A5C-9A46783A5BCD}.Release|Any CPU.ActiveCfg = Release|x86
		{F363F572-E5CA-49A5-8A5C-9A46783A5BCD}.Release|Mixed Platforms.ActiveCfg = Release|x86
		{F363F572-E5CA-49A5-8A5C-9A46783A5BCD}.Release|Mixed Platforms.Build.0 = Release|x86
		{F363F572-E5CA-49A5-8A5C-9A46783A5BCD}.Release|x86.ActiveCfg = Release|x86
		{F363F572-E5CA-49A5-8A5C-9A46783A5BCD}.Release|x86.Build.0 = Release|x86
	EndGlobalSection
	GlobalSection(SolutionProperties) = preSolution
		HideSolutionNode = FALSE
	EndGlobalSection
EndGlobal
